#include <stdio.h>
#include <string.h>
#include <ctype.h>

#define MAX_LEN 1000

// 전처리 함수: 공백 제거 및 소문자로 통일
void preprocess(const char* src, char* dst) {
    int j = 0;
    for (int i = 0; src[i] != '\0'; i++) {
        if (src[i] != ' ') {
            dst[j++] = tolower((unsigned char)src[i]);
        }
    }
    dst[j] = '\0';
}

// 회문 판별 함수
int is_palindrome(const char* str) {
    int left = 0;
    int right = strlen(str) - 1;
    while (left < right) {
        if (str[left] != str[right]) {
            return 0; // 회문 아님
        }
        left++;
        right--;
    }
    return 1; // 회문
}

int main() {
    char input[MAX_LEN];
    char clean[MAX_LEN];

    printf("문자열을 입력하세요: ");
    fgets(input, sizeof(input), stdin);
    input[strcspn(input, "\n")] = '\0'; // 개행 문자 제거

    preprocess(input, clean);

    if (is_palindrome(clean)) {
        printf("회문입니다.\n");
    }
    else {
        printf("회문이 아닙니다.\n");
    }

    return 0;
}
